
Microsoft Visual Studio Solution File, Format Version 12.00
# Visual Studio Version 16
VisualStudioVersion = 16.0.31112.23
MinimumVisualStudioVersion = 10.0.40219.1
Project("{FAE04EC0-301F-11D3-BF4B-00C04F79EFBC}") = "Algo - Table de 5", "Algo - Table de 5\Algo - Table de 5.csproj", "{AB3647D0-FCC2-4278-8971-CC393FC5C2C9}"
EndProject
Global
	GlobalSection(SolutionConfigurationPlatforms) = preSolution
		Debug|Any CPU = Debug|Any CPU
		Release|Any CPU = Release|Any CPU
	EndGlobalSection
	GlobalSection(ProjectConfigurationPlatforms) = postSolution
		{AB3647D0-FCC2-4278-8971-CC393FC5C2C9}.Debug|Any CPU.ActiveCfg = Debug|Any CPU
		{AB3647D0-FCC2-4278-8971-CC393FC5C2C9}.Debug|Any CPU.Build.0 = Debug|Any CPU
		{AB3647D0-FCC2-4278-8971-CC393FC5C2C9}.Release|Any CPU.ActiveCfg = Release|Any CPU
		{AB3647D0-FCC2-4278-8971-CC393FC5C2C9}.Release|Any CPU.Build.0 = Release|Any CPU
	EndGlobalSection
	GlobalSection(SolutionProperties) = preSolution
		HideSolutionNode = FALSE
	EndGlobalSection
	GlobalSection(ExtensibilityGlobals) = postSolution
		SolutionGuid = {02CFFF63-BC49-40D1-ABD5-90CAC14A5186}
	EndGlobalSection
EndGlobal
